
Microsoft Visual Studio Solution File, Format Version 12.00
# Visual Studio Version 17
VisualStudioVersion = 17.10.34928.147
MinimumVisualStudioVersion = 10.0.40219.1
Project("{FAE04EC0-301F-11D3-BF4B-00C04F79EFBC}") = "Knihovna", "Knihovna\Knihovna.csproj", "{16A48ED4-D166-4C25-A9B5-80D94B1350EF}"
EndProject
Global
	GlobalSection(SolutionConfigurationPlatforms) = preSolution
		Debug|Any CPU = Debug|Any CPU
		Release|Any CPU = Release|Any CPU
	EndGlobalSection
	GlobalSection(ProjectConfigurationPlatforms) = postSolution
		{16A48ED4-D166-4C25-A9B5-80D94B1350EF}.Debug|Any CPU.ActiveCfg = Debug|Any CPU
		{16A48ED4-D166-4C25-A9B5-80D94B1350EF}.Debug|Any CPU.Build.0 = Debug|Any CPU
		{16A48ED4-D166-4C25-A9B5-80D94B1350EF}.Release|Any CPU.ActiveCfg = Release|Any CPU
		{16A48ED4-D166-4C25-A9B5-80D94B1350EF}.Release|Any CPU.Build.0 = Release|Any CPU
	EndGlobalSection
	GlobalSection(SolutionProperties) = preSolution
		HideSolutionNode = FALSE
	EndGlobalSection
	GlobalSection(ExtensibilityGlobals) = postSolution
		SolutionGuid = {CD4A07ED-DF5D-42B7-AAF6-59CFD105F5B9}
	EndGlobalSection
EndGlobal
